{
  "nodes": {
    "nixpkgs": {
      "locked": {
        "lastModified": 1775086923,
        "narHash": "sha256-kB+T4HAVaBg0BIUK+06/pSMohErRtWEVDwXX9kAUxpA=",
        "owner": "NixOS",
        "repo": "nixpkgs",
        "rev": "286c9ea86f46f5d0ab503d9d2c57d4542e2b51f3",
        "type": "github"
      },
      "original": {
        "owner": "NixOS",
        "ref": "nixos-25.11-small",
        "repo": "nixpkgs",
        "type": "github"
      }
    },
    "root": {
      "inputs": {
        "nixpkgs": "nixpkgs"
      }
    }
  },
  "root": "root",
  "version": 7
}
